
Microsoft Visual Studio Solution File, Format Version 12.00
# Visual Studio Version 17
VisualStudioVersion = 17.3.32929.385
MinimumVisualStudioVersion = 10.0.40219.1
Project("{FAE04EC0-301F-11D3-BF4B-00C04F79EFBC}") = "DefiningClassPerson", "DefiningClassPerson\DefiningClassPerson.csproj", "{DEE19133-89E8-4EC5-B02A-94F41FF82F56}"
EndProject
Project("{FAE04EC0-301F-11D3-BF4B-00C04F79EFBC}") = "DefiningClassGeometry", "DefiningClassGeometry\DefiningClassGeometry.csproj", "{0B4B1B8D-A025-4709-83A9-E5C0A52FABE6}"
EndProject
Project("{FAE04EC0-301F-11D3-BF4B-00C04F79EFBC}") = "SquareRoot", "SquareRoot\SquareRoot.csproj", "{26984894-C475-40F0-827A-355A62A898C5}"
EndProject
Global
	GlobalSection(SolutionConfigurationPlatforms) = preSolution
		Debug|Any CPU = Debug|Any CPU
		Release|Any CPU = Release|Any CPU
	EndGlobalSection
	GlobalSection(ProjectConfigurationPlatforms) = postSolution
		{DEE19133-89E8-4EC5-B02A-94F41FF82F56}.Debug|Any CPU.ActiveCfg = Debug|Any CPU
		{DEE19133-89E8-4EC5-B02A-94F41FF82F56}.Debug|Any CPU.Build.0 = Debug|Any CPU
		{DEE19133-89E8-4EC5-B02A-94F41FF82F56}.Release|Any CPU.ActiveCfg = Release|Any CPU
		{DEE19133-89E8-4EC5-B02A-94F41FF82F56}.Release|Any CPU.Build.0 = Release|Any CPU
		{0B4B1B8D-A025-4709-83A9-E5C0A52FABE6}.Debug|Any CPU.ActiveCfg = Debug|Any CPU
		{0B4B1B8D-A025-4709-83A9-E5C0A52FABE6}.Debug|Any CPU.Build.0 = Debug|Any CPU
		{0B4B1B8D-A025-4709-83A9-E5C0A52FABE6}.Release|Any CPU.ActiveCfg = Release|Any CPU
		{0B4B1B8D-A025-4709-83A9-E5C0A52FABE6}.Release|Any CPU.Build.0 = Release|Any CPU
		{26984894-C475-40F0-827A-355A62A898C5}.Debug|Any CPU.ActiveCfg = Debug|Any CPU
		{26984894-C475-40F0-827A-355A62A898C5}.Debug|Any CPU.Build.0 = Debug|Any CPU
		{26984894-C475-40F0-827A-355A62A898C5}.Release|Any CPU.ActiveCfg = Release|Any CPU
		{26984894-C475-40F0-827A-355A62A898C5}.Release|Any CPU.Build.0 = Release|Any CPU
	EndGlobalSection
	GlobalSection(SolutionProperties) = preSolution
		HideSolutionNode = FALSE
	EndGlobalSection
	GlobalSection(ExtensibilityGlobals) = postSolution
		SolutionGuid = {08A33358-2A21-4253-82DE-48FA3365BBF8}
	EndGlobalSection
EndGlobal
